# THIS IS AN AUTOGENERATED FILE. DO NOT EDIT THIS FILE DIRECTLY.
# yarn lockfile v1


"@envelop/core@^3.0.6":
  version "3.0.6"
  resolved "https://registry.yarnpkg.com/@envelop/core/-/core-3.0.6.tgz#e55c3564d05d648b0356a1c465aa90b0c51f485d"
  integrity sha512-06t1xCPXq6QFN7W1JUEf68aCwYN0OUDNAIoJe7bAqhaoa2vn7NCcuX1VHkJ/OWpmElUgCsRO6RiBbIru1in0Ig==
  dependencies:
    "@envelop/types" "3.0.2"
    tslib "^2.5.0"

"@envelop/response-cache@^4.0.8":
  version "4.0.8"
  resolved "https://registry.yarnpkg.com/@envelop/response-cache/-/response-cache-4.0.8.tgz#82271b223b4fcd065f0028a5ab31e63fb9a283e3"
  integrity sha512-XF/0WGLYoYkpJ3H33xi0YXEoQBtJ4KIsrDtJwp9mx/VUeiF8iHAuHmjIC6XtISdDSoeGXiKLpFSlEtNXfBk+xA==
  dependencies:
    "@graphql-tools/utils" "^8.8.0"
    "@whatwg-node/fetch" "^0.8.0"
    fast-json-stable-stringify "^2.1.0"
    lru-cache "^6.0.0"
    tslib "^2.5.0"

"@envelop/types@3.0.2":
  version "3.0.2"
  resolved "https://registry.yarnpkg.com/@envelop/types/-/types-3.0.2.tgz#a4b29375b7fcee39bb5830f87f66bbc815cf305e"
  integrity sha512-pOFea9ha0EkURWxJ/35axoH9fDGP5S2cUu/5Mmo9pb8zUf+TaEot8vB670XXihFEn/92759BMjLJNWBKmNhyng==
  dependencies:
    tslib "^2.5.0"

"@graphql-tools/merge@^9.0.0":
  version "9.0.0"
  resolved "https://registry.yarnpkg.com/@graphql-tools/merge/-/merge-9.0.0.tgz#b0a3636c82716454bff88e9bb40108b0471db281"
  integrity sha512-J7/xqjkGTTwOJmaJQJ2C+VDBDOWJL3lKrHJN4yMaRLAJH3PosB7GiPRaSDZdErs0+F77sH2MKs2haMMkywzx7Q==
  dependencies:
    "@graphql-tools/utils" "^10.0.0"
    tslib "^2.4.0"

"@graphql-tools/schema@10.0.0":
  version "10.0.0"
  resolved "https://registry.yarnpkg.com/@graphql-tools/schema/-/schema-10.0.0.tgz#7b5f6b6a59f51c927de8c9069bde4ebbfefc64b3"
  integrity sha512-kf3qOXMFcMs2f/S8Y3A8fm/2w+GaHAkfr3Gnhh2LOug/JgpY/ywgFVxO3jOeSpSEdoYcDKLcXVjMigNbY4AdQg==
  dependencies:
    "@graphql-tools/merge" "^9.0.0"
    "@graphql-tools/utils" "^10.0.0"
    tslib "^2.4.0"
    value-or-promise "^1.0.12"

"@graphql-tools/utils@^10.0.0":
  version "10.0.0"
  resolved "https://registry.yarnpkg.com/@graphql-tools/utils/-/utils-10.0.0.tgz#bfd3c78fb8c3d056d1f93956c83aaf1ab4a7dba6"
  integrity sha512-ndBPc6zgR+eGU/jHLpuojrs61kYN3Z89JyMLwK3GCRkPv4EQn9EOr1UWqF1JO0iM+/jAVHY0mvfUxyrFFN9DUQ==
  dependencies:
    "@graphql-typed-document-node/core" "^3.1.1"
    tslib "^2.4.0"

"@graphql-tools/utils@^8.8.0":
  version "8.13.1"
  resolved "https://registry.yarnpkg.com/@graphql-tools/utils/-/utils-8.13.1.tgz#b247607e400365c2cd87ff54654d4ad25a7ac491"
  integrity sha512-qIh9yYpdUFmctVqovwMdheVNJqFh+DQNWIhX87FJStfXYnmweBUDATok9fWPleKeFwxnW8IapKmY8m8toJEkAw==
  dependencies:
    tslib "^2.4.0"

"@graphql-typed-document-node/core@^3.1.1":
  version "3.2.0"
  resolved "https://registry.yarnpkg.com/@graphql-typed-document-node/core/-/core-3.2.0.tgz#5f3d96ec6b2354ad6d8a28bf216a1d97b5426861"
  integrity sha512-mB9oAsNCm9aM3/SOv4YtBMqZbYj10R7dkq8byBqxGY/ncFwhf2oQzMV+LCRlWoDSEBJ3COiR1yeDvMtsoOsuFQ==

"@peculiar/asn1-schema@^2.3.6":
  version "2.3.6"
  resolved "https://registry.yarnpkg.com/@peculiar/asn1-schema/-/asn1-schema-2.3.6.tgz#3dd3c2ade7f702a9a94dfb395c192f5fa5d6b922"
  integrity sha512-izNRxPoaeJeg/AyH8hER6s+H7p4itk+03QCa4sbxI3lNdseQYCuxzgsuNK8bTXChtLTjpJz6NmXKA73qLa3rCA==
  dependencies:
    asn1js "^3.0.5"
    pvtsutils "^1.3.2"
    tslib "^2.4.0"

"@peculiar/json-schema@^1.1.12":
  version "1.1.12"
  resolved "https://registry.yarnpkg.com/@peculiar/json-schema/-/json-schema-1.1.12.tgz#fe61e85259e3b5ba5ad566cb62ca75b3d3cd5339"
  integrity sha512-coUfuoMeIB7B8/NMekxaDzLhaYmp0HZNPEjYRm9goRou8UZIC3z21s0sL9AWoCw4EG876QyO3kYrc61WNF9B/w==
  dependencies:
    tslib "^2.0.0"

"@peculiar/webcrypto@^1.4.0":
  version "1.4.3"
  resolved "https://registry.yarnpkg.com/@peculiar/webcrypto/-/webcrypto-1.4.3.tgz#078b3e8f598e847b78683dc3ba65feb5029b93a7"
  integrity sha512-VtaY4spKTdN5LjJ04im/d/joXuvLbQdgy5Z4DXF4MFZhQ+MTrejbNMkfZBp1Bs3O5+bFqnJgyGdPuZQflvIa5A==
  dependencies:
    "@peculiar/asn1-schema" "^2.3.6"
    "@peculiar/json-schema" "^1.1.12"
    pvtsutils "^1.3.2"
    tslib "^2.5.0"
    webcrypto-core "^1.7.7"

"@types/ioredis@4.28.10":
  version "4.28.10"
  resolved "https://registry.yarnpkg.com/@types/ioredis/-/ioredis-4.28.10.tgz#40ceb157a4141088d1394bb87c98ed09a75a06ff"
  integrity sha512-69LyhUgrXdgcNDv7ogs1qXZomnfOEnSmrmMFqKgt1XMJxmoOSG/u3wYy13yACIfKuMJ8IhKgHafDO3sx19zVQQ==
  dependencies:
    "@types/node" "*"

"@types/node@*":
  version "16.10.1"
  resolved "https://registry.yarnpkg.com/@types/node/-/node-16.10.1.tgz#f3647623199ca920960006b3dccf633ea905f243"
  integrity sha512-4/Z9DMPKFexZj/Gn3LylFgamNKHm4K3QDi0gz9B26Uk0c8izYf97B5fxfpspMNkWlFupblKM/nV8+NA9Ffvr+w==

"@whatwg-node/events@^0.0.3":
  version "0.0.3"
  resolved "https://registry.yarnpkg.com/@whatwg-node/events/-/events-0.0.3.tgz#13a65dd4f5893f55280f766e29ae48074927acad"
  integrity sha512-IqnKIDWfXBJkvy/k6tzskWTc2NK3LcqHlb+KHGCrjOCH4jfQckRX0NAiIcC/vIqQkzLYw2r2CTSwAxcrtcD6lA==

"@whatwg-node/fetch@^0.8.0":
  version "0.8.8"
  resolved "https://registry.yarnpkg.com/@whatwg-node/fetch/-/fetch-0.8.8.tgz#48c6ad0c6b7951a73e812f09dd22d75e9fa18cae"
  integrity sha512-CdcjGC2vdKhc13KKxgsc6/616BQ7ooDIgPeTuAiE8qfCnS0mGzcfCOoZXypQSz73nxI+GWc7ZReIAVhxoE1KCg==
  dependencies:
    "@peculiar/webcrypto" "^1.4.0"
    "@whatwg-node/node-fetch" "^0.3.6"
    busboy "^1.6.0"
    urlpattern-polyfill "^8.0.0"
    web-streams-polyfill "^3.2.1"

"@whatwg-node/node-fetch@^0.3.6":
  version "0.3.6"
  resolved "https://registry.yarnpkg.com/@whatwg-node/node-fetch/-/node-fetch-0.3.6.tgz#e28816955f359916e2d830b68a64493124faa6d0"
  integrity sha512-w9wKgDO4C95qnXZRwZTfCmLWqyRnooGjcIwG0wADWjw9/HN0p7dtvtgSvItZtUyNteEvgTrd8QojNEqV6DAGTA==
  dependencies:
    "@whatwg-node/events" "^0.0.3"
    busboy "^1.6.0"
    fast-querystring "^1.1.1"
    fast-url-parser "^1.1.3"
    tslib "^2.3.1"

asn1js@^3.0.1, asn1js@^3.0.5:
  version "3.0.5"
  resolved "https://registry.yarnpkg.com/asn1js/-/asn1js-3.0.5.tgz#5ea36820443dbefb51cc7f88a2ebb5b462114f38"
  integrity sha512-FVnvrKJwpt9LP2lAMl8qZswRNm3T4q9CON+bxldk2iwk3FFpuwhx2FfinyitizWHsVYyaY+y5JzDR0rCMV5yTQ==
  dependencies:
    pvtsutils "^1.3.2"
    pvutils "^1.1.3"
    tslib "^2.4.0"

busboy@^1.6.0:
  version "1.6.0"
  resolved "https://registry.yarnpkg.com/busboy/-/busboy-1.6.0.tgz#966ea36a9502e43cdb9146962523b92f531f6893"
  integrity sha512-8SFQbg/0hQ9xy3UNTB0YEnsNBbWfhf7RtnzpL7TkBiTBRfrQ9Fxcnz7VJsleJpyp6rVLvXiuORqjlHi5q+PYuA==
  dependencies:
    streamsearch "^1.1.0"

cluster-key-slot@^1.1.0:
  version "1.1.0"
  resolved "https://registry.yarnpkg.com/cluster-key-slot/-/cluster-key-slot-1.1.0.tgz#30474b2a981fb12172695833052bc0d01336d10d"
  integrity sha512-2Nii8p3RwAPiFwsnZvukotvow2rIHM+yQ6ZcBXGHdniadkYGZYiGmkHJIbZPIV9nfv7m/U1IPMVVcAhoWFeklw==

debug@^4.3.1:
  version "4.3.2"
  resolved "https://registry.yarnpkg.com/debug/-/debug-4.3.2.tgz#f0a49c18ac8779e31d4a0c6029dfb76873c7428b"
  integrity sha512-mOp8wKcvj7XxC78zLgw/ZA+6TSgkoE2C/ienthhRD298T7UNwAg9diBpLRxC0mOezLl4B0xV7M0cCO6P/O0Xhw==
  dependencies:
    ms "2.1.2"

denque@^1.1.0:
  version "1.5.1"
  resolved "https://registry.yarnpkg.com/denque/-/denque-1.5.1.tgz#07f670e29c9a78f8faecb2566a1e2c11929c5cbf"
  integrity sha512-XwE+iZ4D6ZUB7mfYRMb5wByE8L74HCn30FBN7sWnXksWc1LO1bPDl67pBR9o/kC4z/xSNAwkMYcGgqDV3BE3Hw==

fast-decode-uri-component@^1.0.1:
  version "1.0.1"
  resolved "https://registry.yarnpkg.com/fast-decode-uri-component/-/fast-decode-uri-component-1.0.1.tgz#46f8b6c22b30ff7a81357d4f59abfae938202543"
  integrity sha512-WKgKWg5eUxvRZGwW8FvfbaH7AXSh2cL+3j5fMGzUMCxWBJ3dV3a7Wz8y2f/uQ0e3B6WmodD3oS54jTQ9HVTIIg==

fast-json-stable-stringify@^2.1.0:
  version "2.1.0"
  resolved "https://registry.yarnpkg.com/fast-json-stable-stringify/-/fast-json-stable-stringify-2.1.0.tgz#874bf69c6f404c2b5d99c481341399fd55892633"
  integrity sha512-lhd/wF+Lk98HZoTCtlVraHtfh5XYijIjalXck7saUtuanSDyLMxnHhSXEDJqHxD7msR8D0uCmqlkwjCV8xvwHw==

fast-querystring@^1.1.1:
  version "1.1.1"
  resolved "https://registry.yarnpkg.com/fast-querystring/-/fast-querystring-1.1.1.tgz#f4c56ef56b1a954880cfd8c01b83f9e1a3d3fda2"
  integrity sha512-qR2r+e3HvhEFmpdHMv//U8FnFlnYjaC6QKDuaXALDkw2kvHO8WDjxH+f/rHGR4Me4pnk8p9JAkRNTjYHAKRn2Q==
  dependencies:
    fast-decode-uri-component "^1.0.1"

fast-url-parser@^1.1.3:
  version "1.1.3"
  resolved "https://registry.yarnpkg.com/fast-url-parser/-/fast-url-parser-1.1.3.tgz#f4af3ea9f34d8a271cf58ad2b3759f431f0b318d"
  integrity sha512-5jOCVXADYNuRkKFzNJ0dCCewsZiYo0dz8QNYljkOpFC6r2U4OBmKtvm/Tsuh4w1YYdDqDb31a8TVhBJ2OJKdqQ==
  dependencies:
    punycode "^1.3.2"

fengari-interop@^0.1.2:
  version "0.1.2"
  resolved "https://registry.yarnpkg.com/fengari-interop/-/fengari-interop-0.1.2.tgz#f7731dcdd2ff4449073fb7ac3c451a8841ce1e87"
  integrity sha512-8iTvaByZVoi+lQJhHH9vC+c/Yaok9CwOqNQZN6JrVpjmWwW4dDkeblBXhnHC+BoI6eF4Cy5NKW3z6ICEjvgywQ==

fengari@^0.1.4:
  version "0.1.4"
  resolved "https://registry.yarnpkg.com/fengari/-/fengari-0.1.4.tgz#72416693cd9e43bd7d809d7829ddc0578b78b0bb"
  integrity sha512-6ujqUuiIYmcgkGz8MGAdERU57EIluGGPSUgGPTsco657EHa+srq0S3/YUl/r9kx1+D+d4rGfYObd+m8K22gB1g==
  dependencies:
    readline-sync "^1.4.9"
    sprintf-js "^1.1.1"
    tmp "^0.0.33"

ioredis-mock@5.9.1:
  version "5.9.1"
  resolved "https://registry.yarnpkg.com/ioredis-mock/-/ioredis-mock-5.9.1.tgz#e0229822bacf7e0143d2e4c755770626a7983919"
  integrity sha512-ZirdGJFOqH5nP8FYXuHUJmexvtZ6r2Ybc5alaGMzt38QA0kse5/rYnBQcb4ofxkyqzhXHuaCsXiwLlfG6NyhhQ==
  dependencies:
    fengari "^0.1.4"
    fengari-interop "^0.1.2"
    lodash "^4.17.21"
    standard-as-callback "^2.1.0"

ioredis@^4.27.9:
  version "4.27.9"
  resolved "https://registry.yarnpkg.com/ioredis/-/ioredis-4.27.9.tgz#c27bbade9724f0b8f84c279fb1d567be785ba33d"
  integrity sha512-hAwrx9F+OQ0uIvaJefuS3UTqW+ByOLyLIV+j0EH8ClNVxvFyH9Vmb08hCL4yje6mDYT5zMquShhypkd50RRzkg==
  dependencies:
    cluster-key-slot "^1.1.0"
    debug "^4.3.1"
    denque "^1.1.0"
    lodash.defaults "^4.2.0"
    lodash.flatten "^4.4.0"
    lodash.isarguments "^3.1.0"
    p-map "^2.1.0"
    redis-commands "1.7.0"
    redis-errors "^1.2.0"
    redis-parser "^3.0.0"
    standard-as-callback "^2.1.0"

lodash.defaults@^4.2.0:
  version "4.2.0"
  resolved "https://registry.yarnpkg.com/lodash.defaults/-/lodash.defaults-4.2.0.tgz#d09178716ffea4dde9e5fb7b37f6f0802274580c"
  integrity sha1-0JF4cW/+pN3p5ft7N/bwgCJ0WAw=

lodash.flatten@^4.4.0:
  version "4.4.0"
  resolved "https://registry.yarnpkg.com/lodash.flatten/-/lodash.flatten-4.4.0.tgz#f31c22225a9632d2bbf8e4addbef240aa765a61f"
  integrity sha1-8xwiIlqWMtK7+OSt2+8kCqdlph8=

lodash.isarguments@^3.1.0:
  version "3.1.0"
  resolved "https://registry.yarnpkg.com/lodash.isarguments/-/lodash.isarguments-3.1.0.tgz#2f573d85c6a24289ff00663b491c1d338ff3458a"
  integrity sha1-L1c9hcaiQon/AGY7SRwdM4/zRYo=

lodash@^4.17.21:
  version "4.17.21"
  resolved "https://registry.yarnpkg.com/lodash/-/lodash-4.17.21.tgz#679591c564c3bffaae8454cf0b3df370c3d6911c"
  integrity sha512-v2kDEe57lecTulaDIuNTPy3Ry4gLGJ6Z1O3vE1krgXZNrsQ+LFTGHVxVjcXPs17LhbZVGedAJv8XZ1tvj5FvSg==

lru-cache@^6.0.0:
  version "6.0.0"
  resolved "https://registry.yarnpkg.com/lru-cache/-/lru-cache-6.0.0.tgz#6d6fe6570ebd96aaf90fcad1dafa3b2566db3a94"
  integrity sha512-Jo6dJ04CmSjuznwJSS3pUeWmd/H0ffTlkXXgwZi+eq1UCmqQwCh+eLsYOYCwY991i2Fah4h1BEMCx4qThGbsiA==
  dependencies:
    yallist "^4.0.0"

ms@2.1.2:
  version "2.1.2"
  resolved "https://registry.yarnpkg.com/ms/-/ms-2.1.2.tgz#d09d1f357b443f493382a8eb3ccd183872ae6009"
  integrity sha512-sGkPx+VjMtmA6MX27oA4FBFELFCZZ4S4XqeGOXCv68tT+jb3vk/RyaKWP0PTKyWtmLSM0b+adUTEvbs1PEaH2w==

os-tmpdir@~1.0.2:
  version "1.0.2"
  resolved "https://registry.yarnpkg.com/os-tmpdir/-/os-tmpdir-1.0.2.tgz#bbe67406c79aa85c5cfec766fe5734555dfa1274"
  integrity sha1-u+Z0BseaqFxc/sdm/lc0VV36EnQ=

p-map@^2.1.0:
  version "2.1.0"
  resolved "https://registry.yarnpkg.com/p-map/-/p-map-2.1.0.tgz#310928feef9c9ecc65b68b17693018a665cea175"
  integrity sha512-y3b8Kpd8OAN444hxfBbFfj1FY/RjtTd8tzYwhUqNYXx0fXx2iX4maP4Qr6qhIKbQXI02wTLAda4fYUbDagTUFw==

punycode@^1.3.2:
  version "1.4.1"
  resolved "https://registry.yarnpkg.com/punycode/-/punycode-1.4.1.tgz#c0d5a63b2718800ad8e1eb0fa5269c84dd41845e"
  integrity sha512-jmYNElW7yvO7TV33CjSmvSiE2yco3bV2czu/OzDKdMNVZQWfxCblURLhf+47syQRBntjfLdd/H0egrzIG+oaFQ==

pvtsutils@^1.3.2:
  version "1.3.2"
  resolved "https://registry.yarnpkg.com/pvtsutils/-/pvtsutils-1.3.2.tgz#9f8570d132cdd3c27ab7d51a2799239bf8d8d5de"
  integrity sha512-+Ipe2iNUyrZz+8K/2IOo+kKikdtfhRKzNpQbruF2URmqPtoqAs8g3xS7TJvFF2GcPXjh7DkqMnpVveRFq4PgEQ==
  dependencies:
    tslib "^2.4.0"

pvutils@^1.1.3:
  version "1.1.3"
  resolved "https://registry.yarnpkg.com/pvutils/-/pvutils-1.1.3.tgz#f35fc1d27e7cd3dfbd39c0826d173e806a03f5a3"
  integrity sha512-pMpnA0qRdFp32b1sJl1wOJNxZLQ2cbQx+k6tjNtZ8CpvVhNqEPRgivZ2WOUev2YMajecdH7ctUPDvEe87nariQ==

readline-sync@^1.4.9:
  version "1.4.10"
  resolved "https://registry.yarnpkg.com/readline-sync/-/readline-sync-1.4.10.tgz#41df7fbb4b6312d673011594145705bf56d8873b"
  integrity sha512-gNva8/6UAe8QYepIQH/jQ2qn91Qj0B9sYjMBBs3QOB8F2CXcKgLxQaJRP76sWVRQt+QU+8fAkCbCvjjMFu7Ycw==

redis-commands@1.7.0:
  version "1.7.0"
  resolved "https://registry.yarnpkg.com/redis-commands/-/redis-commands-1.7.0.tgz#15a6fea2d58281e27b1cd1acfb4b293e278c3a89"
  integrity sha512-nJWqw3bTFy21hX/CPKHth6sfhZbdiHP6bTawSgQBlKOVRG7EZkfHbbHwQJnrE4vsQf0CMNE+3gJ4Fmm16vdVlQ==

redis-errors@^1.0.0, redis-errors@^1.2.0:
  version "1.2.0"
  resolved "https://registry.yarnpkg.com/redis-errors/-/redis-errors-1.2.0.tgz#eb62d2adb15e4eaf4610c04afe1529384250abad"
  integrity sha1-62LSrbFeTq9GEMBK/hUpOEJQq60=

redis-parser@^3.0.0:
  version "3.0.0"
  resolved "https://registry.yarnpkg.com/redis-parser/-/redis-parser-3.0.0.tgz#b66d828cdcafe6b4b8a428a7def4c6bcac31c8b4"
  integrity sha1-tm2CjNyv5rS4pCin3vTGvKwxyLQ=
  dependencies:
    redis-errors "^1.0.0"

sprintf-js@^1.1.1:
  version "1.1.2"
  resolved "https://registry.yarnpkg.com/sprintf-js/-/sprintf-js-1.1.2.tgz#da1765262bf8c0f571749f2ad6c26300207ae673"
  integrity sha512-VE0SOVEHCk7Qc8ulkWw3ntAzXuqf7S2lvwQaDLRnUeIEaKNQJzV6BwmLKhOqT61aGhfUMrXeaBk+oDGCzvhcug==

standard-as-callback@^2.1.0:
  version "2.1.0"
  resolved "https://registry.yarnpkg.com/standard-as-callback/-/standard-as-callback-2.1.0.tgz#8953fc05359868a77b5b9739a665c5977bb7df45"
  integrity sha512-qoRRSyROncaz1z0mvYqIE4lCd9p2R90i6GxW3uZv5ucSu8tU7B5HXUP1gG8pVZsYNVaXjk8ClXHPttLyxAL48A==

streamsearch@^1.1.0:
  version "1.1.0"
  resolved "https://registry.yarnpkg.com/streamsearch/-/streamsearch-1.1.0.tgz#404dd1e2247ca94af554e841a8ef0eaa238da764"
  integrity sha512-Mcc5wHehp9aXz1ax6bZUyY5afg9u2rv5cqQI3mRrYkGC8rW2hM02jWuwjtL++LS5qinSyhj2QfLyNsuc+VsExg==

tmp@^0.0.33:
  version "0.0.33"
  resolved "https://registry.yarnpkg.com/tmp/-/tmp-0.0.33.tgz#6d34335889768d21b2bcda0aa277ced3b1bfadf9"
  integrity sha512-jRCJlojKnZ3addtTOjdIqoRuPEKBvNXcGYqzO6zWZX8KfKEpnGY5jfggJQ3EjKuu8D4bJRr0y+cYJFmYbImXGw==
  dependencies:
    os-tmpdir "~1.0.2"

tslib@^2.0.0, tslib@^2.3.1, tslib@^2.4.0, tslib@^2.5.0:
  version "2.5.2"
  resolved "https://registry.yarnpkg.com/tslib/-/tslib-2.5.2.tgz#1b6f07185c881557b0ffa84b111a0106989e8338"
  integrity sha512-5svOrSA2w3iGFDs1HibEVBGbDrAY82bFQ3HZ3ixB+88nsbsWQoKqDRb5UBYAUPEzbBn6dAp5gRNXglySbx1MlA==

typescript@5.0.4:
  version "5.0.4"
  resolved "https://registry.yarnpkg.com/typescript/-/typescript-5.0.4.tgz#b217fd20119bd61a94d4011274e0ab369058da3b"
  integrity sha512-cW9T5W9xY37cc+jfEnaUvX91foxtHkza3Nw3wkoF4sSlKn0MONdkdEndig/qPBWXNkmplh3NzayQzCiHM4/hqw==

urlpattern-polyfill@^8.0.0:
  version "8.0.2"
  resolved "https://registry.yarnpkg.com/urlpattern-polyfill/-/urlpattern-polyfill-8.0.2.tgz#99f096e35eff8bf4b5a2aa7d58a1523d6ebc7ce5"
  integrity sha512-Qp95D4TPJl1kC9SKigDcqgyM2VDVO4RiJc2d4qe5GrYm+zbIQCWWKAFaJNQ4BhdFeDGwBmAxqJBwWSJDb9T3BQ==

value-or-promise@^1.0.12:
  version "1.0.12"
  resolved "https://registry.yarnpkg.com/value-or-promise/-/value-or-promise-1.0.12.tgz#0e5abfeec70148c78460a849f6b003ea7986f15c"
  integrity sha512-Z6Uz+TYwEqE7ZN50gwn+1LCVo9ZVrpxRPOhOLnncYkY1ZzOYtrX8Fwf/rFktZ8R5mJms6EZf5TqNOMeZmnPq9Q==

web-streams-polyfill@^3.2.1:
  version "3.2.1"
  resolved "https://registry.yarnpkg.com/web-streams-polyfill/-/web-streams-polyfill-3.2.1.tgz#71c2718c52b45fd49dbeee88634b3a60ceab42a6"
  integrity sha512-e0MO3wdXWKrLbL0DgGnUV7WHVuw9OUvL4hjgnPkIeEvESk74gAITi5G606JtZPp39cd8HA9VQzCIvA49LpPN5Q==

webcrypto-core@^1.7.7:
  version "1.7.7"
  resolved "https://registry.yarnpkg.com/webcrypto-core/-/webcrypto-core-1.7.7.tgz#06f24b3498463e570fed64d7cab149e5437b162c"
  integrity sha512-7FjigXNsBfopEj+5DV2nhNpfic2vumtjjgPmeDKk45z+MJwXKKfhPB7118Pfzrmh4jqOMST6Ch37iPAHoImg5g==
  dependencies:
    "@peculiar/asn1-schema" "^2.3.6"
    "@peculiar/json-schema" "^1.1.12"
    asn1js "^3.0.1"
    pvtsutils "^1.3.2"
    tslib "^2.4.0"

yallist@^4.0.0:
  version "4.0.0"
  resolved "https://registry.yarnpkg.com/yallist/-/yallist-4.0.0.tgz#9bb92790d9c0effec63be73519e11a35019a3a72"
  integrity sha512-3wdGidZyq5PB084XLES5TpOSRA3wjXAlIWMhum2kRcv/41Sn2emQ0dycQW4uZXLejwKvg6EsvbdlVL+FYEct7A==
