# THIS IS AN AUTOGENERATED FILE. DO NOT EDIT THIS FILE DIRECTLY.
# yarn lockfile v1


"@envelop/core@^4.0.0-rc-20230523121659-e74aff8c":
  version "4.0.0-rc-20230523121659-e74aff8c"
  resolved "https://registry.yarnpkg.com/@envelop/core/-/core-4.0.0-rc-20230523121659-e74aff8c.tgz#b1f87b76d1f64860653ce869fc58df171fcddb97"
  integrity sha512-mJDhaYvCVU+a7FnPGfO6DoiriJvim3AKYA0CjnJ2HGluSEdNLKOjQI53bOQrXIgfLR74FxY9GG01/aWPIhN9cw==
  dependencies:
    "@envelop/types" "4.0.0-rc-20230523121659-e74aff8c"
    tslib "^2.5.0"

"@envelop/response-cache@^5.0.0-rc-20230523121659-e74aff8c":
  version "5.0.0-rc-20230523121659-e74aff8c"
  resolved "https://registry.yarnpkg.com/@envelop/response-cache/-/response-cache-5.0.0-rc-20230523121659-e74aff8c.tgz#df6d5d86d57945934155e51eec46a8ce2d8def50"
  integrity sha512-qy71rFagaoulil2GbI1bxO8Lh4m5qVHcvI2ZnyRg3f2FJqgZ01l4sShhehNR1ukE2H+t/yAT4IVC4+Lg+1NPGw==
  dependencies:
    "@graphql-tools/utils" "^10.0.0"
    "@whatwg-node/fetch" "^0.9.0"
    fast-json-stable-stringify "^2.1.0"
    lru-cache "^9.1.1"
    tslib "^2.5.0"

"@envelop/types@4.0.0-rc-20230523121659-e74aff8c":
  version "4.0.0-rc-20230523121659-e74aff8c"
  resolved "https://registry.yarnpkg.com/@envelop/types/-/types-4.0.0-rc-20230523121659-e74aff8c.tgz#605d817ba049cd67606a68a5e39b0978091cb7bc"
  integrity sha512-n3NoaAvipEvsvyZxcl6hhQv/Zf3HW3ACDdYNxxr/UwyUkWq0aB25lkNY4y0tCPGG0NSM38MYZUJ9+eLd1DOlhg==
  dependencies:
    tslib "^2.5.0"

"@graphql-tools/merge@^9.0.0":
  version "9.0.0"
  resolved "https://registry.yarnpkg.com/@graphql-tools/merge/-/merge-9.0.0.tgz#b0a3636c82716454bff88e9bb40108b0471db281"
  integrity sha512-J7/xqjkGTTwOJmaJQJ2C+VDBDOWJL3lKrHJN4yMaRLAJH3PosB7GiPRaSDZdErs0+F77sH2MKs2haMMkywzx7Q==
  dependencies:
    "@graphql-tools/utils" "^10.0.0"
    tslib "^2.4.0"

"@graphql-tools/schema@10.0.0":
  version "10.0.0"
  resolved "https://registry.yarnpkg.com/@graphql-tools/schema/-/schema-10.0.0.tgz#7b5f6b6a59f51c927de8c9069bde4ebbfefc64b3"
  integrity sha512-kf3qOXMFcMs2f/S8Y3A8fm/2w+GaHAkfr3Gnhh2LOug/JgpY/ywgFVxO3jOeSpSEdoYcDKLcXVjMigNbY4AdQg==
  dependencies:
    "@graphql-tools/merge" "^9.0.0"
    "@graphql-tools/utils" "^10.0.0"
    tslib "^2.4.0"
    value-or-promise "^1.0.12"

"@graphql-tools/utils@^10.0.0":
  version "10.0.0"
  resolved "https://registry.yarnpkg.com/@graphql-tools/utils/-/utils-10.0.0.tgz#bfd3c78fb8c3d056d1f93956c83aaf1ab4a7dba6"
  integrity sha512-ndBPc6zgR+eGU/jHLpuojrs61kYN3Z89JyMLwK3GCRkPv4EQn9EOr1UWqF1JO0iM+/jAVHY0mvfUxyrFFN9DUQ==
  dependencies:
    "@graphql-typed-document-node/core" "^3.1.1"
    tslib "^2.4.0"

"@graphql-typed-document-node/core@^3.1.1":
  version "3.2.0"
  resolved "https://registry.yarnpkg.com/@graphql-typed-document-node/core/-/core-3.2.0.tgz#5f3d96ec6b2354ad6d8a28bf216a1d97b5426861"
  integrity sha512-mB9oAsNCm9aM3/SOv4YtBMqZbYj10R7dkq8byBqxGY/ncFwhf2oQzMV+LCRlWoDSEBJ3COiR1yeDvMtsoOsuFQ==

"@types/ioredis@4.28.10":
  version "4.28.10"
  resolved "https://registry.yarnpkg.com/@types/ioredis/-/ioredis-4.28.10.tgz#40ceb157a4141088d1394bb87c98ed09a75a06ff"
  integrity sha512-69LyhUgrXdgcNDv7ogs1qXZomnfOEnSmrmMFqKgt1XMJxmoOSG/u3wYy13yACIfKuMJ8IhKgHafDO3sx19zVQQ==
  dependencies:
    "@types/node" "*"

"@types/node@*":
  version "16.10.1"
  resolved "https://registry.yarnpkg.com/@types/node/-/node-16.10.1.tgz#f3647623199ca920960006b3dccf633ea905f243"
  integrity sha512-4/Z9DMPKFexZj/Gn3LylFgamNKHm4K3QDi0gz9B26Uk0c8izYf97B5fxfpspMNkWlFupblKM/nV8+NA9Ffvr+w==

"@whatwg-node/events@^0.1.0":
  version "0.1.0"
  resolved "https://registry.yarnpkg.com/@whatwg-node/events/-/events-0.1.0.tgz#1e7b4e4fd0d149b247ec0132b1030fe522282295"
  integrity sha512-PnnAP/o6QkgAdjcExKugzl5ZUqPVcv9lvgGz/to3Xe5Du/P5Zw6MzB8P8mI/B4mplYOYsr6AkXkb4plG0ydCow==

"@whatwg-node/fetch@^0.9.0":
  version "0.9.0"
  resolved "https://registry.yarnpkg.com/@whatwg-node/fetch/-/fetch-0.9.0.tgz#59492e13e33112afe561ec7f0b497db62284fa1c"
  integrity sha512-zEyXaoz5w6BpKYKyZLTwBA41fqGuscOvSoPHytADRo1FY/s/fmjwiKq4QGmB88DlNuQ8e57s6AgWqIYyAT0Zmg==
  dependencies:
    "@whatwg-node/node-fetch" "^0.4.0"
    urlpattern-polyfill "^8.0.0"

"@whatwg-node/node-fetch@^0.4.0":
  version "0.4.0"
  resolved "https://registry.yarnpkg.com/@whatwg-node/node-fetch/-/node-fetch-0.4.0.tgz#f874334d20889b1d7733a74cbe091183f8235297"
  integrity sha512-aFfJNTMwkWrkl8I9nTkslVjPlkL+zb/Z71ng+71UbYYm1gPHfltHHXBiM99aZgUCaqyvaR5XzzwyCL6m0ikqsA==
  dependencies:
    "@whatwg-node/events" "^0.1.0"
    busboy "^1.6.0"
    fast-querystring "^1.1.1"
    fast-url-parser "^1.1.3"
    tslib "^2.3.1"

busboy@^1.6.0:
  version "1.6.0"
  resolved "https://registry.yarnpkg.com/busboy/-/busboy-1.6.0.tgz#966ea36a9502e43cdb9146962523b92f531f6893"
  integrity sha512-8SFQbg/0hQ9xy3UNTB0YEnsNBbWfhf7RtnzpL7TkBiTBRfrQ9Fxcnz7VJsleJpyp6rVLvXiuORqjlHi5q+PYuA==
  dependencies:
    streamsearch "^1.1.0"

cluster-key-slot@^1.1.0:
  version "1.1.0"
  resolved "https://registry.yarnpkg.com/cluster-key-slot/-/cluster-key-slot-1.1.0.tgz#30474b2a981fb12172695833052bc0d01336d10d"
  integrity sha512-2Nii8p3RwAPiFwsnZvukotvow2rIHM+yQ6ZcBXGHdniadkYGZYiGmkHJIbZPIV9nfv7m/U1IPMVVcAhoWFeklw==

debug@^4.3.1:
  version "4.3.2"
  resolved "https://registry.yarnpkg.com/debug/-/debug-4.3.2.tgz#f0a49c18ac8779e31d4a0c6029dfb76873c7428b"
  integrity sha512-mOp8wKcvj7XxC78zLgw/ZA+6TSgkoE2C/ienthhRD298T7UNwAg9diBpLRxC0mOezLl4B0xV7M0cCO6P/O0Xhw==
  dependencies:
    ms "2.1.2"

denque@^1.1.0:
  version "1.5.1"
  resolved "https://registry.yarnpkg.com/denque/-/denque-1.5.1.tgz#07f670e29c9a78f8faecb2566a1e2c11929c5cbf"
  integrity sha512-XwE+iZ4D6ZUB7mfYRMb5wByE8L74HCn30FBN7sWnXksWc1LO1bPDl67pBR9o/kC4z/xSNAwkMYcGgqDV3BE3Hw==

fast-decode-uri-component@^1.0.1:
  version "1.0.1"
  resolved "https://registry.yarnpkg.com/fast-decode-uri-component/-/fast-decode-uri-component-1.0.1.tgz#46f8b6c22b30ff7a81357d4f59abfae938202543"
  integrity sha512-WKgKWg5eUxvRZGwW8FvfbaH7AXSh2cL+3j5fMGzUMCxWBJ3dV3a7Wz8y2f/uQ0e3B6WmodD3oS54jTQ9HVTIIg==

fast-json-stable-stringify@^2.1.0:
  version "2.1.0"
  resolved "https://registry.yarnpkg.com/fast-json-stable-stringify/-/fast-json-stable-stringify-2.1.0.tgz#874bf69c6f404c2b5d99c481341399fd55892633"
  integrity sha512-lhd/wF+Lk98HZoTCtlVraHtfh5XYijIjalXck7saUtuanSDyLMxnHhSXEDJqHxD7msR8D0uCmqlkwjCV8xvwHw==

fast-querystring@^1.1.1:
  version "1.1.1"
  resolved "https://registry.yarnpkg.com/fast-querystring/-/fast-querystring-1.1.1.tgz#f4c56ef56b1a954880cfd8c01b83f9e1a3d3fda2"
  integrity sha512-qR2r+e3HvhEFmpdHMv//U8FnFlnYjaC6QKDuaXALDkw2kvHO8WDjxH+f/rHGR4Me4pnk8p9JAkRNTjYHAKRn2Q==
  dependencies:
    fast-decode-uri-component "^1.0.1"

fast-url-parser@^1.1.3:
  version "1.1.3"
  resolved "https://registry.yarnpkg.com/fast-url-parser/-/fast-url-parser-1.1.3.tgz#f4af3ea9f34d8a271cf58ad2b3759f431f0b318d"
  integrity sha512-5jOCVXADYNuRkKFzNJ0dCCewsZiYo0dz8QNYljkOpFC6r2U4OBmKtvm/Tsuh4w1YYdDqDb31a8TVhBJ2OJKdqQ==
  dependencies:
    punycode "^1.3.2"

fengari-interop@^0.1.2:
  version "0.1.2"
  resolved "https://registry.yarnpkg.com/fengari-interop/-/fengari-interop-0.1.2.tgz#f7731dcdd2ff4449073fb7ac3c451a8841ce1e87"
  integrity sha512-8iTvaByZVoi+lQJhHH9vC+c/Yaok9CwOqNQZN6JrVpjmWwW4dDkeblBXhnHC+BoI6eF4Cy5NKW3z6ICEjvgywQ==

fengari@^0.1.4:
  version "0.1.4"
  resolved "https://registry.yarnpkg.com/fengari/-/fengari-0.1.4.tgz#72416693cd9e43bd7d809d7829ddc0578b78b0bb"
  integrity sha512-6ujqUuiIYmcgkGz8MGAdERU57EIluGGPSUgGPTsco657EHa+srq0S3/YUl/r9kx1+D+d4rGfYObd+m8K22gB1g==
  dependencies:
    readline-sync "^1.4.9"
    sprintf-js "^1.1.1"
    tmp "^0.0.33"

ioredis-mock@5.9.1:
  version "5.9.1"
  resolved "https://registry.yarnpkg.com/ioredis-mock/-/ioredis-mock-5.9.1.tgz#e0229822bacf7e0143d2e4c755770626a7983919"
  integrity sha512-ZirdGJFOqH5nP8FYXuHUJmexvtZ6r2Ybc5alaGMzt38QA0kse5/rYnBQcb4ofxkyqzhXHuaCsXiwLlfG6NyhhQ==
  dependencies:
    fengari "^0.1.4"
    fengari-interop "^0.1.2"
    lodash "^4.17.21"
    standard-as-callback "^2.1.0"

ioredis@^4.27.9:
  version "4.27.9"
  resolved "https://registry.yarnpkg.com/ioredis/-/ioredis-4.27.9.tgz#c27bbade9724f0b8f84c279fb1d567be785ba33d"
  integrity sha512-hAwrx9F+OQ0uIvaJefuS3UTqW+ByOLyLIV+j0EH8ClNVxvFyH9Vmb08hCL4yje6mDYT5zMquShhypkd50RRzkg==
  dependencies:
    cluster-key-slot "^1.1.0"
    debug "^4.3.1"
    denque "^1.1.0"
    lodash.defaults "^4.2.0"
    lodash.flatten "^4.4.0"
    lodash.isarguments "^3.1.0"
    p-map "^2.1.0"
    redis-commands "1.7.0"
    redis-errors "^1.2.0"
    redis-parser "^3.0.0"
    standard-as-callback "^2.1.0"

lodash.defaults@^4.2.0:
  version "4.2.0"
  resolved "https://registry.yarnpkg.com/lodash.defaults/-/lodash.defaults-4.2.0.tgz#d09178716ffea4dde9e5fb7b37f6f0802274580c"
  integrity sha1-0JF4cW/+pN3p5ft7N/bwgCJ0WAw=

lodash.flatten@^4.4.0:
  version "4.4.0"
  resolved "https://registry.yarnpkg.com/lodash.flatten/-/lodash.flatten-4.4.0.tgz#f31c22225a9632d2bbf8e4addbef240aa765a61f"
  integrity sha1-8xwiIlqWMtK7+OSt2+8kCqdlph8=

lodash.isarguments@^3.1.0:
  version "3.1.0"
  resolved "https://registry.yarnpkg.com/lodash.isarguments/-/lodash.isarguments-3.1.0.tgz#2f573d85c6a24289ff00663b491c1d338ff3458a"
  integrity sha1-L1c9hcaiQon/AGY7SRwdM4/zRYo=

lodash@^4.17.21:
  version "4.17.21"
  resolved "https://registry.yarnpkg.com/lodash/-/lodash-4.17.21.tgz#679591c564c3bffaae8454cf0b3df370c3d6911c"
  integrity sha512-v2kDEe57lecTulaDIuNTPy3Ry4gLGJ6Z1O3vE1krgXZNrsQ+LFTGHVxVjcXPs17LhbZVGedAJv8XZ1tvj5FvSg==

lru-cache@^9.1.1:
  version "9.1.1"
  resolved "https://registry.yarnpkg.com/lru-cache/-/lru-cache-9.1.1.tgz#c58a93de58630b688de39ad04ef02ef26f1902f1"
  integrity sha512-65/Jky17UwSb0BuB9V+MyDpsOtXKmYwzhyl+cOa9XUiI4uV2Ouy/2voFP3+al0BjZbJgMBD8FojMpAf+Z+qn4A==

ms@2.1.2:
  version "2.1.2"
  resolved "https://registry.yarnpkg.com/ms/-/ms-2.1.2.tgz#d09d1f357b443f493382a8eb3ccd183872ae6009"
  integrity sha512-sGkPx+VjMtmA6MX27oA4FBFELFCZZ4S4XqeGOXCv68tT+jb3vk/RyaKWP0PTKyWtmLSM0b+adUTEvbs1PEaH2w==

os-tmpdir@~1.0.2:
  version "1.0.2"
  resolved "https://registry.yarnpkg.com/os-tmpdir/-/os-tmpdir-1.0.2.tgz#bbe67406c79aa85c5cfec766fe5734555dfa1274"
  integrity sha1-u+Z0BseaqFxc/sdm/lc0VV36EnQ=

p-map@^2.1.0:
  version "2.1.0"
  resolved "https://registry.yarnpkg.com/p-map/-/p-map-2.1.0.tgz#310928feef9c9ecc65b68b17693018a665cea175"
  integrity sha512-y3b8Kpd8OAN444hxfBbFfj1FY/RjtTd8tzYwhUqNYXx0fXx2iX4maP4Qr6qhIKbQXI02wTLAda4fYUbDagTUFw==

punycode@^1.3.2:
  version "1.4.1"
  resolved "https://registry.yarnpkg.com/punycode/-/punycode-1.4.1.tgz#c0d5a63b2718800ad8e1eb0fa5269c84dd41845e"
  integrity sha512-jmYNElW7yvO7TV33CjSmvSiE2yco3bV2czu/OzDKdMNVZQWfxCblURLhf+47syQRBntjfLdd/H0egrzIG+oaFQ==

readline-sync@^1.4.9:
  version "1.4.10"
  resolved "https://registry.yarnpkg.com/readline-sync/-/readline-sync-1.4.10.tgz#41df7fbb4b6312d673011594145705bf56d8873b"
  integrity sha512-gNva8/6UAe8QYepIQH/jQ2qn91Qj0B9sYjMBBs3QOB8F2CXcKgLxQaJRP76sWVRQt+QU+8fAkCbCvjjMFu7Ycw==

redis-commands@1.7.0:
  version "1.7.0"
  resolved "https://registry.yarnpkg.com/redis-commands/-/redis-commands-1.7.0.tgz#15a6fea2d58281e27b1cd1acfb4b293e278c3a89"
  integrity sha512-nJWqw3bTFy21hX/CPKHth6sfhZbdiHP6bTawSgQBlKOVRG7EZkfHbbHwQJnrE4vsQf0CMNE+3gJ4Fmm16vdVlQ==

redis-errors@^1.0.0, redis-errors@^1.2.0:
  version "1.2.0"
  resolved "https://registry.yarnpkg.com/redis-errors/-/redis-errors-1.2.0.tgz#eb62d2adb15e4eaf4610c04afe1529384250abad"
  integrity sha1-62LSrbFeTq9GEMBK/hUpOEJQq60=

redis-parser@^3.0.0:
  version "3.0.0"
  resolved "https://registry.yarnpkg.com/redis-parser/-/redis-parser-3.0.0.tgz#b66d828cdcafe6b4b8a428a7def4c6bcac31c8b4"
  integrity sha1-tm2CjNyv5rS4pCin3vTGvKwxyLQ=
  dependencies:
    redis-errors "^1.0.0"

sprintf-js@^1.1.1:
  version "1.1.2"
  resolved "https://registry.yarnpkg.com/sprintf-js/-/sprintf-js-1.1.2.tgz#da1765262bf8c0f571749f2ad6c26300207ae673"
  integrity sha512-VE0SOVEHCk7Qc8ulkWw3ntAzXuqf7S2lvwQaDLRnUeIEaKNQJzV6BwmLKhOqT61aGhfUMrXeaBk+oDGCzvhcug==

standard-as-callback@^2.1.0:
  version "2.1.0"
  resolved "https://registry.yarnpkg.com/standard-as-callback/-/standard-as-callback-2.1.0.tgz#8953fc05359868a77b5b9739a665c5977bb7df45"
  integrity sha512-qoRRSyROncaz1z0mvYqIE4lCd9p2R90i6GxW3uZv5ucSu8tU7B5HXUP1gG8pVZsYNVaXjk8ClXHPttLyxAL48A==

streamsearch@^1.1.0:
  version "1.1.0"
  resolved "https://registry.yarnpkg.com/streamsearch/-/streamsearch-1.1.0.tgz#404dd1e2247ca94af554e841a8ef0eaa238da764"
  integrity sha512-Mcc5wHehp9aXz1ax6bZUyY5afg9u2rv5cqQI3mRrYkGC8rW2hM02jWuwjtL++LS5qinSyhj2QfLyNsuc+VsExg==

tmp@^0.0.33:
  version "0.0.33"
  resolved "https://registry.yarnpkg.com/tmp/-/tmp-0.0.33.tgz#6d34335889768d21b2bcda0aa277ced3b1bfadf9"
  integrity sha512-jRCJlojKnZ3addtTOjdIqoRuPEKBvNXcGYqzO6zWZX8KfKEpnGY5jfggJQ3EjKuu8D4bJRr0y+cYJFmYbImXGw==
  dependencies:
    os-tmpdir "~1.0.2"

tslib@^2.3.1, tslib@^2.4.0, tslib@^2.5.0:
  version "2.5.2"
  resolved "https://registry.yarnpkg.com/tslib/-/tslib-2.5.2.tgz#1b6f07185c881557b0ffa84b111a0106989e8338"
  integrity sha512-5svOrSA2w3iGFDs1HibEVBGbDrAY82bFQ3HZ3ixB+88nsbsWQoKqDRb5UBYAUPEzbBn6dAp5gRNXglySbx1MlA==

typescript@5.0.4:
  version "5.0.4"
  resolved "https://registry.yarnpkg.com/typescript/-/typescript-5.0.4.tgz#b217fd20119bd61a94d4011274e0ab369058da3b"
  integrity sha512-cW9T5W9xY37cc+jfEnaUvX91foxtHkza3Nw3wkoF4sSlKn0MONdkdEndig/qPBWXNkmplh3NzayQzCiHM4/hqw==

urlpattern-polyfill@^8.0.0:
  version "8.0.2"
  resolved "https://registry.yarnpkg.com/urlpattern-polyfill/-/urlpattern-polyfill-8.0.2.tgz#99f096e35eff8bf4b5a2aa7d58a1523d6ebc7ce5"
  integrity sha512-Qp95D4TPJl1kC9SKigDcqgyM2VDVO4RiJc2d4qe5GrYm+zbIQCWWKAFaJNQ4BhdFeDGwBmAxqJBwWSJDb9T3BQ==

value-or-promise@^1.0.12:
  version "1.0.12"
  resolved "https://registry.yarnpkg.com/value-or-promise/-/value-or-promise-1.0.12.tgz#0e5abfeec70148c78460a849f6b003ea7986f15c"
  integrity sha512-Z6Uz+TYwEqE7ZN50gwn+1LCVo9ZVrpxRPOhOLnncYkY1ZzOYtrX8Fwf/rFktZ8R5mJms6EZf5TqNOMeZmnPq9Q==
