{
  "name": "@envelop/opentelemetry",
  "version": "4.0.6",
  "lockfileVersion": 1,
  "requires": true,
  "dependencies": {
    "@envelop/on-resolve": {
      "version": "2.0.6",
      "resolved": "https://registry.npmjs.org/@envelop/on-resolve/-/on-resolve-2.0.6.tgz",
      "integrity": "sha512-l4vH0RKF0gdzyUcetaio/UP/BE84iw2TXvHXGAqDGoiMjRy0MVoeWF30SzwDb5IwNme2XaOsPlRmYRw1K0DAVA=="
    },
    "@opentelemetry/api": {
      "version": "1.4.1",
      "resolved": "https://registry.npmjs.org/@opentelemetry/api/-/api-1.4.1.tgz",
      "integrity": "sha512-O2yRJce1GOc6PAy3QxFM4NzFiWzvScDC1/5ihYBL6BUEVdq0XMWN01sppE+H6bBXbaFYipjwFLEWLg5PaSOThA=="
    },
    "@opentelemetry/core": {
      "version": "1.11.0",
      "resolved": "https://registry.npmjs.org/@opentelemetry/core/-/core-1.11.0.tgz",
      "integrity": "sha512-aP1wHSb+YfU0pM63UAkizYPuS4lZxzavHHw5KJfFNN2oWQ79HSm6JR3CzwFKHwKhSzHN8RE9fgP1IdVJ8zmo1w==",
      "requires": {
        "@opentelemetry/semantic-conventions": "1.11.0"
      }
    },
    "@opentelemetry/resources": {
      "version": "1.11.0",
      "resolved": "https://registry.npmjs.org/@opentelemetry/resources/-/resources-1.11.0.tgz",
      "integrity": "sha512-y0z2YJTqk0ag+hGT4EXbxH/qPhDe8PfwltYb4tXIEsozgEFfut/bqW7H7pDvylmCjBRMG4NjtLp57V1Ev++brA==",
      "requires": {
        "@opentelemetry/core": "1.11.0",
        "@opentelemetry/semantic-conventions": "1.11.0"
      }
    },
    "@opentelemetry/sdk-trace-base": {
      "version": "1.11.0",
      "resolved": "https://registry.npmjs.org/@opentelemetry/sdk-trace-base/-/sdk-trace-base-1.11.0.tgz",
      "integrity": "sha512-DV8e5/Qo42V8FMBlQ0Y0Liv6Hl/Pp5bAZ73s7r1euX8w4bpRes1B7ACiA4yujADbWMJxBgSo4fGbi4yjmTMG2A==",
      "requires": {
        "@opentelemetry/core": "1.11.0",
        "@opentelemetry/resources": "1.11.0",
        "@opentelemetry/semantic-conventions": "1.11.0"
      }
    },
    "@opentelemetry/semantic-conventions": {
      "version": "1.11.0",
      "resolved": "https://registry.npmjs.org/@opentelemetry/semantic-conventions/-/semantic-conventions-1.11.0.tgz",
      "integrity": "sha512-fG4D0AktoHyHwGhFGv+PzKrZjxbKJfckJauTJdq2A+ej5cTazmNYjJVAODXXkYyrsI10muMl+B1iO2q1R6Lp+w=="
    },
    "graphql": {
      "version": "16.6.0",
      "resolved": "https://registry.npmjs.org/graphql/-/graphql-16.6.0.tgz",
      "integrity": "sha512-KPIBPDlW7NxrbT/eh4qPXz5FiFdL5UbaA0XUNz2Rp3Z3hqBSkbj0GVjwFDztsWVauZUWsbKHgMg++sk8UX0bkw==",
      "dev": true
    },
    "tslib": {
      "version": "2.5.0",
      "resolved": "https://registry.npmjs.org/tslib/-/tslib-2.5.0.tgz",
      "integrity": "sha512-336iVw3rtn2BUK7ORdIAHTyxHGRIHVReokCR3XjbckJMK7ms8FysBfhLR8IXnAgy7T0PTPNBWKiH514FOW/WSg=="
    },
    "typescript": {
      "version": "4.8.4",
      "resolved": "https://registry.npmjs.org/typescript/-/typescript-4.8.4.tgz",
      "integrity": "sha512-QCh+85mCy+h0IGff8r5XWzOVSbBO+KfeYrMQh7NJ58QujwcE22u+NUSmUxqF+un70P9GXKxa2HCNiTTMJknyjQ==",
      "dev": true
    }
  }
}
